
Microsoft Visual Studio Solution File, Format Version 12.00
# Visual Studio Version 16
VisualStudioVersion = 16.0.30104.148
MinimumVisualStudioVersion = 10.0.40219.1
Project("{9A19103F-16F7-4668-BE54-9A1E7A4F7556}") = "CoffeeShop", "CoffeeShop\CoffeeShop.csproj", "{4B663394-2210-4393-9266-2B0928221C9A}"
EndProject
Project("{FAE04EC0-301F-11D3-BF4B-00C04F79EFBC}") = "CoffeeShop.Android", "CoffeeShop.Android\CoffeeShop.Android.csproj", "{FEBFE5D9-8304-46C7-8D59-1048A8FA6E22}"
EndProject
Project("{FAE04EC0-301F-11D3-BF4B-00C04F79EFBC}") = "CoffeeShop.iOS", "CoffeeShop.iOS\CoffeeShop.iOS.csproj", "{8A2D7F7B-6B6B-4639-AC50-A0879DEC5D03}"
EndProject
Global
	GlobalSection(SolutionConfigurationPlatforms) = preSolution
		Debug|Any CPU = Debug|Any CPU
		Debug|iPhone = Debug|iPhone
		Debug|iPhoneSimulator = Debug|iPhoneSimulator
		Release|Any CPU = Release|Any CPU
		Release|iPhone = Release|iPhone
		Release|iPhoneSimulator = Release|iPhoneSimulator
	EndGlobalSection
	GlobalSection(ProjectConfigurationPlatforms) = postSolution
		{4B663394-2210-4393-9266-2B0928221C9A}.Debug|Any CPU.ActiveCfg = Debug|Any CPU
		{4B663394-2210-4393-9266-2B0928221C9A}.Debug|Any CPU.Build.0 = Debug|Any CPU
		{4B663394-2210-4393-9266-2B0928221C9A}.Debug|iPhone.ActiveCfg = Debug|Any CPU
		{4B663394-2210-4393-9266-2B0928221C9A}.Debug|iPhone.Build.0 = Debug|Any CPU
		{4B663394-2210-4393-9266-2B0928221C9A}.Debug|iPhoneSimulator.ActiveCfg = Debug|Any CPU
		{4B663394-2210-4393-9266-2B0928221C9A}.Debug|iPhoneSimulator.Build.0 = Debug|Any CPU
		{4B663394-2210-4393-9266-2B0928221C9A}.Release|Any CPU.ActiveCfg = Release|Any CPU
		{4B663394-2210-4393-9266-2B0928221C9A}.Release|Any CPU.Build.0 = Release|Any CPU
		{4B663394-2210-4393-9266-2B0928221C9A}.Release|iPhone.ActiveCfg = Release|Any CPU
		{4B663394-2210-4393-9266-2B0928221C9A}.Release|iPhone.Build.0 = Release|Any CPU
		{4B663394-2210-4393-9266-2B0928221C9A}.Release|iPhoneSimulator.ActiveCfg = Release|Any CPU
		{4B663394-2210-4393-9266-2B0928221C9A}.Release|iPhoneSimulator.Build.0 = Release|Any CPU
		{FEBFE5D9-8304-46C7-8D59-1048A8FA6E22}.Debug|Any CPU.ActiveCfg = Debug|Any CPU
		{FEBFE5D9-8304-46C7-8D59-1048A8FA6E22}.Debug|Any CPU.Build.0 = Debug|Any CPU
		{FEBFE5D9-8304-46C7-8D59-1048A8FA6E22}.Debug|Any CPU.Deploy.0 = Debug|Any CPU
		{FEBFE5D9-8304-46C7-8D59-1048A8FA6E22}.Debug|iPhone.ActiveCfg = Debug|Any CPU
		{FEBFE5D9-8304-46C7-8D59-1048A8FA6E22}.Debug|iPhone.Build.0 = Debug|Any CPU
		{FEBFE5D9-8304-46C7-8D59-1048A8FA6E22}.Debug|iPhone.Deploy.0 = Debug|Any CPU
		{FEBFE5D9-8304-46C7-8D59-1048A8FA6E22}.Debug|iPhoneSimulator.ActiveCfg = Debug|Any CPU
		{FEBFE5D9-8304-46C7-8D59-1048A8FA6E22}.Debug|iPhoneSimulator.Build.0 = Debug|Any CPU
		{FEBFE5D9-8304-46C7-8D59-1048A8FA6E22}.Debug|iPhoneSimulator.Deploy.0 = Debug|Any CPU
		{FEBFE5D9-8304-46C7-8D59-1048A8FA6E22}.Release|Any CPU.ActiveCfg = Release|Any CPU
		{FEBFE5D9-8304-46C7-8D59-1048A8FA6E22}.Release|Any CPU.Build.0 = Release|Any CPU
		{FEBFE5D9-8304-46C7-8D59-1048A8FA6E22}.Release|Any CPU.Deploy.0 = Release|Any CPU
		{FEBFE5D9-8304-46C7-8D59-1048A8FA6E22}.Release|iPhone.ActiveCfg = Release|Any CPU
		{FEBFE5D9-8304-46C7-8D59-1048A8FA6E22}.Release|iPhone.Build.0 = Release|Any CPU
		{FEBFE5D9-8304-46C7-8D59-1048A8FA6E22}.Release|iPhone.Deploy.0 = Release|Any CPU
		{FEBFE5D9-8304-46C7-8D59-1048A8FA6E22}.Release|iPhoneSimulator.ActiveCfg = Release|Any CPU
		{FEBFE5D9-8304-46C7-8D59-1048A8FA6E22}.Release|iPhoneSimulator.Build.0 = Release|Any CPU
		{FEBFE5D9-8304-46C7-8D59-1048A8FA6E22}.Release|iPhoneSimulator.Deploy.0 = Release|Any CPU
		{8A2D7F7B-6B6B-4639-AC50-A0879DEC5D03}.Debug|Any CPU.ActiveCfg = Debug|iPhoneSimulator
		{8A2D7F7B-6B6B-4639-AC50-A0879DEC5D03}.Debug|Any CPU.Build.0 = Debug|iPhoneSimulator
		{8A2D7F7B-6B6B-4639-AC50-A0879DEC5D03}.Debug|iPhone.ActiveCfg = Debug|iPhone
		{8A2D7F7B-6B6B-4639-AC50-A0879DEC5D03}.Debug|iPhone.Build.0 = Debug|iPhone
		{8A2D7F7B-6B6B-4639-AC50-A0879DEC5D03}.Debug|iPhone.Deploy.0 = Debug|iPhone
		{8A2D7F7B-6B6B-4639-AC50-A0879DEC5D03}.Debug|iPhoneSimulator.ActiveCfg = Debug|iPhoneSimulator
		{8A2D7F7B-6B6B-4639-AC50-A0879DEC5D03}.Debug|iPhoneSimulator.Build.0 = Debug|iPhoneSimulator
		{8A2D7F7B-6B6B-4639-AC50-A0879DEC5D03}.Release|Any CPU.ActiveCfg = Release|iPhone
		{8A2D7F7B-6B6B-4639-AC50-A0879DEC5D03}.Release|iPhone.ActiveCfg = Release|iPhone
		{8A2D7F7B-6B6B-4639-AC50-A0879DEC5D03}.Release|iPhone.Build.0 = Release|iPhone
		{8A2D7F7B-6B6B-4639-AC50-A0879DEC5D03}.Release|iPhoneSimulator.ActiveCfg = Release|iPhoneSimulator
		{8A2D7F7B-6B6B-4639-AC50-A0879DEC5D03}.Release|iPhoneSimulator.Build.0 = Release|iPhoneSimulator
	EndGlobalSection
	GlobalSection(SolutionProperties) = preSolution
		HideSolutionNode = FALSE
	EndGlobalSection
	GlobalSection(ExtensibilityGlobals) = postSolution
		SolutionGuid = {997E37C8-A7AC-496C-84E9-84CCE1F52D83}
	EndGlobalSection
EndGlobal
